PODS:
  - ModuleA (0.0.1)
  - ModuleA/Tests (0.0.1)

DEPENDENCIES:
  - ModuleA (from `Modules/ModuleA`)
  - ModuleA/Tests (from `Modules/ModuleA`)

EXTERNAL SOURCES:
  ModuleA:
    :path: Modules/ModuleA

SPEC CHECKSUMS:
  ModuleA: 983e5557dc248f0a67b86d6d0fba5944b6952565

PODFILE CHECKSUM: 3f47282335b5fcdf6271bda582d0c9b646ba8b2f

COCOAPODS: 1.11.2
